
Microsoft Visual Studio Solution File, Format Version 12.00
# Visual Studio Version 17
VisualStudioVersion = 17.5.002.0
MinimumVisualStudioVersion = 10.0.40219.1
Project("{9A19103F-16F7-4668-BE54-9A1E7A4F7556}") = "Calctest", "Calctest\Calctest.csproj", "{DDD9D57D-A859-4B40-96FC-2F4C52C797E3}"
EndProject
Project("{9A19103F-16F7-4668-BE54-9A1E7A4F7556}") = "CalculatorApp", "CalculatorApp\CalculatorApp.csproj", "{164F7481-9506-47F4-943D-9E5DBC913F41}"
EndProject
Global
	GlobalSection(SolutionConfigurationPlatforms) = preSolution
		Debug|Any CPU = Debug|Any CPU
		Release|Any CPU = Release|Any CPU
	EndGlobalSection
	GlobalSection(ProjectConfigurationPlatforms) = postSolution
		{DDD9D57D-A859-4B40-96FC-2F4C52C797E3}.Debug|Any CPU.ActiveCfg = Debug|Any CPU
		{DDD9D57D-A859-4B40-96FC-2F4C52C797E3}.Debug|Any CPU.Build.0 = Debug|Any CPU
		{DDD9D57D-A859-4B40-96FC-2F4C52C797E3}.Release|Any CPU.ActiveCfg = Release|Any CPU
		{DDD9D57D-A859-4B40-96FC-2F4C52C797E3}.Release|Any CPU.Build.0 = Release|Any CPU
		{164F7481-9506-47F4-943D-9E5DBC913F41}.Debug|Any CPU.ActiveCfg = Debug|Any CPU
		{164F7481-9506-47F4-943D-9E5DBC913F41}.Debug|Any CPU.Build.0 = Debug|Any CPU
		{164F7481-9506-47F4-943D-9E5DBC913F41}.Release|Any CPU.ActiveCfg = Release|Any CPU
		{164F7481-9506-47F4-943D-9E5DBC913F41}.Release|Any CPU.Build.0 = Release|Any CPU
	EndGlobalSection
	GlobalSection(SolutionProperties) = preSolution
		HideSolutionNode = FALSE
	EndGlobalSection
	GlobalSection(ExtensibilityGlobals) = postSolution
		SolutionGuid = {60EE6230-083D-4629-B997-EECC0CB49B51}
	EndGlobalSection
EndGlobal
